
Microsoft Visual Studio Solution File, Format Version 12.00
# Visual Studio 14
VisualStudioVersion = 14.0.23107.0
MinimumVisualStudioVersion = 10.0.40219.1
Project("{FAE04EC0-301F-11D3-BF4B-00C04F79EFBC}") = "AskellaWebScraper", "AskellaWebScraper\AskellaWebScraper.csproj", "{46AD5F63-9C1F-4DE1-97F3-D5815CD2913B}"
EndProject
Global
	GlobalSection(SolutionConfigurationPlatforms) = preSolution
		Debug|Any CPU = Debug|Any CPU
		Release|Any CPU = Release|Any CPU
	EndGlobalSection
	GlobalSection(ProjectConfigurationPlatforms) = postSolution
		{46AD5F63-9C1F-4DE1-97F3-D5815CD2913B}.Debug|Any CPU.ActiveCfg = Debug|Any CPU
		{46AD5F63-9C1F-4DE1-97F3-D5815CD2913B}.Debug|Any CPU.Build.0 = Debug|Any CPU
		{46AD5F63-9C1F-4DE1-97F3-D5815CD2913B}.Release|Any CPU.ActiveCfg = Release|Any CPU
		{46AD5F63-9C1F-4DE1-97F3-D5815CD2913B}.Release|Any CPU.Build.0 = Release|Any CPU
	EndGlobalSection
	GlobalSection(SolutionProperties) = preSolution
		HideSolutionNode = FALSE
	EndGlobalSection
EndGlobal
